// !$*UTF8*$!
{
	archiveVersion = 1;
	classes = {
	};
	objectVersion = 56;
	objects = {

/* Begin PBXBuildFile section */
		D40DE18B2B21C73600387ABE /* Caveat-Regular.ttf in Resources */ = {isa = PBXBuildFile; fileRef = D40DE18A2B21C73600387ABE /* Caveat-Regular.ttf */; };
		D40DE18D2B21C9F700387ABE /* UIFont+CustomFont.swift in Sources */ = {isa = PBXBuildFile; fileRef = D40DE18C2B21C9F700387ABE /* UIFont+CustomFont.swift */; };
		D40DE18F2B21CA2800387ABE /* Caveat-Bold.ttf in Resources */ = {isa = PBXBuildFile; fileRef = D40DE18E2B21CA2800387ABE /* Caveat-Bold.ttf */; };
		D40DE1932B22086D00387ABE /* Filter.storyboard in Resources */ = {isa = PBXBuildFile; fileRef = D40DE1922B22086D00387ABE /* Filter.storyboard */; };
		D40DE19A2B220F8C00387ABE /* FilterViewController.swift in Sources */ = {isa = PBXBuildFile; fileRef = D40DE1992B220F8C00387ABE /* FilterViewController.swift */; };
		D40DE19D2B2211A200387ABE /* FilterTableViewCell.swift in Sources */ = {isa = PBXBuildFile; fileRef = D40DE19B2B2211A200387ABE /* FilterTableViewCell.swift */; };
		D40DE19E2B2211A200387ABE /* FilterTableViewCell.xib in Resources */ = {isa = PBXBuildFile; fileRef = D40DE19C2B2211A200387ABE /* FilterTableViewCell.xib */; };
		D42959162B14AE4B0015092E /* AppDelegate.swift in Sources */ = {isa = PBXBuildFile; fileRef = D42959152B14AE4B0015092E /* AppDelegate.swift */; };
		D42959182B14AE4B0015092E /* SceneDelegate.swift in Sources */ = {isa = PBXBuildFile; fileRef = D42959172B14AE4B0015092E /* SceneDelegate.swift */; };
		D429591A2B14AE4B0015092E /* SplashViewController.swift in Sources */ = {isa = PBXBuildFile; fileRef = D42959192B14AE4B0015092E /* SplashViewController.swift */; };
		D429591D2B14AE4B0015092E /* Main.storyboard in Resources */ = {isa = PBXBuildFile; fileRef = D429591B2B14AE4B0015092E /* Main.storyboard */; };
		D429591F2B14AE4D0015092E /* Assets.xcassets in Resources */ = {isa = PBXBuildFile; fileRef = D429591E2B14AE4D0015092E /* Assets.xcassets */; };
		D429592A2B14DA6F0015092E /* Splash screen.storyboard in Resources */ = {isa = PBXBuildFile; fileRef = D42959292B14DA6F0015092E /* Splash screen.storyboard */; };
		D42B27C82B18E4C500E65B39 /* CocktailsViewController.swift in Sources */ = {isa = PBXBuildFile; fileRef = D42B27C72B18E4C500E65B39 /* CocktailsViewController.swift */; };
		D42B27CB2B18F3E800E65B39 /* CocktailCollectionViewCell.swift in Sources */ = {isa = PBXBuildFile; fileRef = D42B27C92B18F3E800E65B39 /* CocktailCollectionViewCell.swift */; };
		D42B27CC2B18F3E800E65B39 /* CocktailCollectionViewCell.xib in Resources */ = {isa = PBXBuildFile; fileRef = D42B27CA2B18F3E800E65B39 /* CocktailCollectionViewCell.xib */; };
		D4530CFF2B208505004135B0 /* CocktailsEmptyView.swift in Sources */ = {isa = PBXBuildFile; fileRef = D4530CFE2B208505004135B0 /* CocktailsEmptyView.swift */; };
		D4530D012B208737004135B0 /* CocktailsEmptyView.xib in Resources */ = {isa = PBXBuildFile; fileRef = D4530D002B208737004135B0 /* CocktailsEmptyView.xib */; };
		D4563E362B162D06004855B6 /* TabBarController.swift in Sources */ = {isa = PBXBuildFile; fileRef = D4563E352B162D06004855B6 /* TabBarController.swift */; };
		D465D8902B1756FB0015633E /* ProfileViewController.swift in Sources */ = {isa = PBXBuildFile; fileRef = D465D88F2B1756FB0015633E /* ProfileViewController.swift */; };
		D48B3F792B231BCF0043D81F /* FilterDetailsViewController.swift in Sources */ = {isa = PBXBuildFile; fileRef = D48B3F782B231BCF0043D81F /* FilterDetailsViewController.swift */; };
		D48B3F7B2B2334990043D81F /* DrinkCategory.swift in Sources */ = {isa = PBXBuildFile; fileRef = D48B3F7A2B2334990043D81F /* DrinkCategory.swift */; };
		D48B83472B1E66F600C60BE7 /* UIViewController+Extension.swift in Sources */ = {isa = PBXBuildFile; fileRef = D48B83462B1E66F600C60BE7 /* UIViewController+Extension.swift */; };
		D49BEDC72B1E0A5900A7FD9A /* Kingfisher in Frameworks */ = {isa = PBXBuildFile; productRef = D49BEDC62B1E0A5900A7FD9A /* Kingfisher */; };
		D49BEDC92B1E0C4900A7FD9A /* UIImageView+Extension.swift in Sources */ = {isa = PBXBuildFile; fileRef = D49BEDC82B1E0C4900A7FD9A /* UIImageView+Extension.swift */; };
		D49BEDCC2B1E134B00A7FD9A /* NVActivityIndicatorView in Frameworks */ = {isa = PBXBuildFile; productRef = D49BEDCB2B1E134B00A7FD9A /* NVActivityIndicatorView */; };
		D49BEDCE2B1E134B00A7FD9A /* NVActivityIndicatorViewExtended in Frameworks */ = {isa = PBXBuildFile; productRef = D49BEDCD2B1E134B00A7FD9A /* NVActivityIndicatorViewExtended */; };
		D49BEDD02B1E244800A7FD9A /* NetworkErrors.swift in Sources */ = {isa = PBXBuildFile; fileRef = D49BEDCF2B1E244800A7FD9A /* NetworkErrors.swift */; };
		D4ABD9CD2B222F07007F16E6 /* UIView+Extension.swift in Sources */ = {isa = PBXBuildFile; fileRef = D4ABD9CC2B222F07007F16E6 /* UIView+Extension.swift */; };
		D4B2DF312B1DD511004D4206 /* UIColor+Extension.swift in Sources */ = {isa = PBXBuildFile; fileRef = D4B2DF302B1DD511004D4206 /* UIColor+Extension.swift */; };
		D4B2DF352B1DE3DD004D4206 /* Drink.swift in Sources */ = {isa = PBXBuildFile; fileRef = D4B2DF342B1DE3DD004D4206 /* Drink.swift */; };
		D4B2DF392B1DE4E4004D4206 /* ApiManager.swift in Sources */ = {isa = PBXBuildFile; fileRef = D4B2DF382B1DE4E4004D4206 /* ApiManager.swift */; };
		D4B3902D2B274ACA0003EC50 /* Realm in Frameworks */ = {isa = PBXBuildFile; productRef = D4B3902C2B274ACA0003EC50 /* Realm */; };
		D4B3902F2B274ACA0003EC50 /* RealmSwift in Frameworks */ = {isa = PBXBuildFile; productRef = D4B3902E2B274ACA0003EC50 /* RealmSwift */; };
		D4FC4E772B1FD0F600502EBA /* UICollectionView+Extension.swift in Sources */ = {isa = PBXBuildFile; fileRef = D4FC4E762B1FD0F600502EBA /* UICollectionView+Extension.swift */; };
/* End PBXBuildFile section */

/* Begin PBXFileReference section */
		D40DE18A2B21C73600387ABE /* Caveat-Regular.ttf */ = {isa = PBXFileReference; lastKnownFileType = file; path = "Caveat-Regular.ttf"; sourceTree = "<group>"; };
		D40DE18C2B21C9F700387ABE /* UIFont+CustomFont.swift */ = {isa = PBXFileReference; lastKnownFileType = sourcecode.swift; path = "UIFont+CustomFont.swift"; sourceTree = "<group>"; };
		D40DE18E2B21CA2800387ABE /* Caveat-Bold.ttf */ = {isa = PBXFileReference; lastKnownFileType = file; path = "Caveat-Bold.ttf"; sourceTree = "<group>"; };
		D40DE1922B22086D00387ABE /* Filter.storyboard */ = {isa = PBXFileReference; lastKnownFileType = file.storyboard; path = Filter.storyboard; sourceTree = "<group>"; };
		D40DE1992B220F8C00387ABE /* FilterViewController.swift */ = {isa = PBXFileReference; lastKnownFileType = sourcecode.swift; path = FilterViewController.swift; sourceTree = "<group>"; };
		D40DE19B2B2211A200387ABE /* FilterTableViewCell.swift */ = {isa = PBXFileReference; lastKnownFileType = sourcecode.swift; path = FilterTableViewCell.swift; sourceTree = "<group>"; };
		D40DE19C2B2211A200387ABE /* FilterTableViewCell.xib */ = {isa = PBXFileReference; lastKnownFileType = file.xib; path = FilterTableViewCell.xib; sourceTree = "<group>"; };
		D42959122B14AE4B0015092E /* cocktailApp.app */ = {isa = PBXFileReference; explicitFileType = wrapper.application; includeInIndex = 0; path = cocktailApp.app; sourceTree = BUILT_PRODUCTS_DIR; };
		D42959152B14AE4B0015092E /* AppDelegate.swift */ = {isa = PBXFileReference; lastKnownFileType = sourcecode.swift; path = AppDelegate.swift; sourceTree = "<group>"; };
		D42959172B14AE4B0015092E /* SceneDelegate.swift */ = {isa = PBXFileReference; lastKnownFileType = sourcecode.swift; path = SceneDelegate.swift; sourceTree = "<group>"; };
		D42959192B14AE4B0015092E /* SplashViewController.swift */ = {isa = PBXFileReference; lastKnownFileType = sourcecode.swift; path = SplashViewController.swift; sourceTree = "<group>"; };
		D429591C2B14AE4B0015092E /* Base */ = {isa = PBXFileReference; lastKnownFileType = file.storyboard; name = Base; path = Base.lproj/Main.storyboard; sourceTree = "<group>"; };
		D429591E2B14AE4D0015092E /* Assets.xcassets */ = {isa = PBXFileReference; lastKnownFileType = folder.assetcatalog; path = Assets.xcassets; sourceTree = "<group>"; };
		D42959232B14AE4D0015092E /* Info.plist */ = {isa = PBXFileReference; lastKnownFileType = text.plist.xml; path = Info.plist; sourceTree = "<group>"; };
		D42959292B14DA6F0015092E /* Splash screen.storyboard */ = {isa = PBXFileReference; lastKnownFileType = file.storyboard; path = "Splash screen.storyboard"; sourceTree = "<group>"; };
		D42B27C72B18E4C500E65B39 /* CocktailsViewController.swift */ = {isa = PBXFileReference; lastKnownFileType = sourcecode.swift; path = CocktailsViewController.swift; sourceTree = "<group>"; };
		D42B27C92B18F3E800E65B39 /* CocktailCollectionViewCell.swift */ = {isa = PBXFileReference; lastKnownFileType = sourcecode.swift; path = CocktailCollectionViewCell.swift; sourceTree = "<group>"; };
		D42B27CA2B18F3E800E65B39 /* CocktailCollectionViewCell.xib */ = {isa = PBXFileReference; lastKnownFileType = file.xib; path = CocktailCollectionViewCell.xib; sourceTree = "<group>"; };
		D4530CFE2B208505004135B0 /* CocktailsEmptyView.swift */ = {isa = PBXFileReference; lastKnownFileType = sourcecode.swift; path = CocktailsEmptyView.swift; sourceTree = "<group>"; };
		D4530D002B208737004135B0 /* CocktailsEmptyView.xib */ = {isa = PBXFileReference; lastKnownFileType = file.xib; path = CocktailsEmptyView.xib; sourceTree = "<group>"; };
		D4563E352B162D06004855B6 /* TabBarController.swift */ = {isa = PBXFileReference; lastKnownFileType = sourcecode.swift; path = TabBarController.swift; sourceTree = "<group>"; };
		D465D88F2B1756FB0015633E /* ProfileViewController.swift */ = {isa = PBXFileReference; lastKnownFileType = sourcecode.swift; path = ProfileViewController.swift; sourceTree = "<group>"; };
		D48B3F782B231BCF0043D81F /* FilterDetailsViewController.swift */ = {isa = PBXFileReference; lastKnownFileType = sourcecode.swift; path = FilterDetailsViewController.swift; sourceTree = "<group>"; };
		D48B3F7A2B2334990043D81F /* DrinkCategory.swift */ = {isa = PBXFileReference; lastKnownFileType = sourcecode.swift; path = DrinkCategory.swift; sourceTree = "<group>"; };
		D48B83462B1E66F600C60BE7 /* UIViewController+Extension.swift */ = {isa = PBXFileReference; lastKnownFileType = sourcecode.swift; path = "UIViewController+Extension.swift"; sourceTree = "<group>"; };
		D49BEDC82B1E0C4900A7FD9A /* UIImageView+Extension.swift */ = {isa = PBXFileReference; lastKnownFileType = sourcecode.swift; path = "UIImageView+Extension.swift"; sourceTree = "<group>"; };
		D49BEDCF2B1E244800A7FD9A /* NetworkErrors.swift */ = {isa = PBXFileReference; lastKnownFileType = sourcecode.swift; path = NetworkErrors.swift; sourceTree = "<group>"; };
		D4ABD9CC2B222F07007F16E6 /* UIView+Extension.swift */ = {isa = PBXFileReference; lastKnownFileType = sourcecode.swift; path = "UIView+Extension.swift"; sourceTree = "<group>"; };
		D4B2DF302B1DD511004D4206 /* UIColor+Extension.swift */ = {isa = PBXFileReference; lastKnownFileType = sourcecode.swift; path = "UIColor+Extension.swift"; sourceTree = "<group>"; };
		D4B2DF342B1DE3DD004D4206 /* Drink.swift */ = {isa = PBXFileReference; lastKnownFileType = sourcecode.swift; path = Drink.swift; sourceTree = "<group>"; };
		D4B2DF382B1DE4E4004D4206 /* ApiManager.swift */ = {isa = PBXFileReference; lastKnownFileType = sourcecode.swift; path = ApiManager.swift; sourceTree = "<group>"; };
		D4FC4E762B1FD0F600502EBA /* UICollectionView+Extension.swift */ = {isa = PBXFileReference; lastKnownFileType = sourcecode.swift; path = "UICollectionView+Extension.swift"; sourceTree = "<group>"; };
/* End PBXFileReference section */

/* Begin PBXFrameworksBuildPhase section */
		D429590F2B14AE4B0015092E /* Frameworks */ = {
			isa = PBXFrameworksBuildPhase;
			buildActionMask = 2147483647;
			files = (
				D49BEDCE2B1E134B00A7FD9A /* NVActivityIndicatorViewExtended in Frameworks */,
				D49BEDCC2B1E134B00A7FD9A /* NVActivityIndicatorView in Frameworks */,
				D4B3902D2B274ACA0003EC50 /* Realm in Frameworks */,
				D4B3902F2B274ACA0003EC50 /* RealmSwift in Frameworks */,
				D49BEDC72B1E0A5900A7FD9A /* Kingfisher in Frameworks */,
			);
			runOnlyForDeploymentPostprocessing = 0;
		};
/* End PBXFrameworksBuildPhase section */

/* Begin PBXGroup section */
		D40DE1892B21C6EA00387ABE /* Font */ = {
			isa = PBXGroup;
			children = (
				D40DE18A2B21C73600387ABE /* Caveat-Regular.ttf */,
				D40DE18E2B21CA2800387ABE /* Caveat-Bold.ttf */,
			);
			path = Font;
			sourceTree = "<group>";
		};
		D40DE1942B220D5200387ABE /* CocktailCollectionViewCell */ = {
			isa = PBXGroup;
			children = (
				D42B27C92B18F3E800E65B39 /* CocktailCollectionViewCell.swift */,
				D42B27CA2B18F3E800E65B39 /* CocktailCollectionViewCell.xib */,
			);
			path = CocktailCollectionViewCell;
			sourceTree = "<group>";
		};
		D40DE1952B220D8100387ABE /* CocktailsEmptyView */ = {
			isa = PBXGroup;
			children = (
				D4530CFE2B208505004135B0 /* CocktailsEmptyView.swift */,
				D4530D002B208737004135B0 /* CocktailsEmptyView.xib */,
			);
			path = CocktailsEmptyView;
			sourceTree = "<group>";
		};
		D40DE1962B220DBD00387ABE /* Filter */ = {
			isa = PBXGroup;
			children = (
				D40DE1992B220F8C00387ABE /* FilterViewController.swift */,
				D48B3F782B231BCF0043D81F /* FilterDetailsViewController.swift */,
				D40DE19F2B2211A900387ABE /* FilterTableViewCell */,
			);
			path = Filter;
			sourceTree = "<group>";
		};
		D40DE19F2B2211A900387ABE /* FilterTableViewCell */ = {
			isa = PBXGroup;
			children = (
				D40DE19B2B2211A200387ABE /* FilterTableViewCell.swift */,
				D40DE19C2B2211A200387ABE /* FilterTableViewCell.xib */,
			);
			path = FilterTableViewCell;
			sourceTree = "<group>";
		};
		D42959092B14AE4B0015092E = {
			isa = PBXGroup;
			children = (
				D42959142B14AE4B0015092E /* cocktailApp */,
				D42959132B14AE4B0015092E /* Products */,
			);
			sourceTree = "<group>";
		};
		D42959132B14AE4B0015092E /* Products */ = {
			isa = PBXGroup;
			children = (
				D42959122B14AE4B0015092E /* cocktailApp.app */,
			);
			name = Products;
			sourceTree = "<group>";
		};
		D42959142B14AE4B0015092E /* cocktailApp */ = {
			isa = PBXGroup;
			children = (
				D42959152B14AE4B0015092E /* AppDelegate.swift */,
				D42959172B14AE4B0015092E /* SceneDelegate.swift */,
				D4B2DF372B1DE437004D4206 /* Scenes */,
				D4B2DF362B1DE3E8004D4206 /* Models */,
				D4B2DF3A2B1DE4F1004D4206 /* Networking */,
				D42B27CE2B18FA6B00E65B39 /* Storyboards */,
				D4B2DF322B1DDE6B004D4206 /* Extensions */,
				D40DE1892B21C6EA00387ABE /* Font */,
				D42959292B14DA6F0015092E /* Splash screen.storyboard */,
				D429591E2B14AE4D0015092E /* Assets.xcassets */,
				D42959232B14AE4D0015092E /* Info.plist */,
			);
			path = cocktailApp;
			sourceTree = "<group>";
		};
		D42B27CD2B18F79200E65B39 /* Cocktails */ = {
			isa = PBXGroup;
			children = (
				D40DE1962B220DBD00387ABE /* Filter */,
				D40DE1942B220D5200387ABE /* CocktailCollectionViewCell */,
				D40DE1952B220D8100387ABE /* CocktailsEmptyView */,
				D42B27C72B18E4C500E65B39 /* CocktailsViewController.swift */,
			);
			path = Cocktails;
			sourceTree = "<group>";
		};
		D42B27CE2B18FA6B00E65B39 /* Storyboards */ = {
			isa = PBXGroup;
			children = (
				D429591B2B14AE4B0015092E /* Main.storyboard */,
				D40DE1922B22086D00387ABE /* Filter.storyboard */,
			);
			path = Storyboards;
			sourceTree = "<group>";
		};
		D42B27D02B18FABF00E65B39 /* Tabs */ = {
			isa = PBXGroup;
			children = (
				D42B27CD2B18F79200E65B39 /* Cocktails */,
				D4B2DF332B1DDEBF004D4206 /* Profile */,
				D4563E352B162D06004855B6 /* TabBarController.swift */,
			);
			path = Tabs;
			sourceTree = "<group>";
		};
		D4B2DF322B1DDE6B004D4206 /* Extensions */ = {
			isa = PBXGroup;
			children = (
				D4B2DF302B1DD511004D4206 /* UIColor+Extension.swift */,
				D49BEDC82B1E0C4900A7FD9A /* UIImageView+Extension.swift */,
				D48B83462B1E66F600C60BE7 /* UIViewController+Extension.swift */,
				D4FC4E762B1FD0F600502EBA /* UICollectionView+Extension.swift */,
				D40DE18C2B21C9F700387ABE /* UIFont+CustomFont.swift */,
				D4ABD9CC2B222F07007F16E6 /* UIView+Extension.swift */,
			);
			path = Extensions;
			sourceTree = "<group>";
		};
		D4B2DF332B1DDEBF004D4206 /* Profile */ = {
			isa = PBXGroup;
			children = (
				D465D88F2B1756FB0015633E /* ProfileViewController.swift */,
			);
			path = Profile;
			sourceTree = "<group>";
		};
		D4B2DF362B1DE3E8004D4206 /* Models */ = {
			isa = PBXGroup;
			children = (
				D4B2DF342B1DE3DD004D4206 /* Drink.swift */,
				D48B3F7A2B2334990043D81F /* DrinkCategory.swift */,
			);
			path = Models;
			sourceTree = "<group>";
		};
		D4B2DF372B1DE437004D4206 /* Scenes */ = {
			isa = PBXGroup;
			children = (
				D42959192B14AE4B0015092E /* SplashViewController.swift */,
				D42B27D02B18FABF00E65B39 /* Tabs */,
			);
			path = Scenes;
			sourceTree = "<group>";
		};
		D4B2DF3A2B1DE4F1004D4206 /* Networking */ = {
			isa = PBXGroup;
			children = (
				D4B2DF382B1DE4E4004D4206 /* ApiManager.swift */,
				D49BEDCF2B1E244800A7FD9A /* NetworkErrors.swift */,
			);
			path = Networking;
			sourceTree = "<group>";
		};
/* End PBXGroup section */

/* Begin PBXNativeTarget section */
		D42959112B14AE4B0015092E /* cocktailApp */ = {
			isa = PBXNativeTarget;
			buildConfigurationList = D42959262B14AE4D0015092E /* Build configuration list for PBXNativeTarget "cocktailApp" */;
			buildPhases = (
				D429590E2B14AE4B0015092E /* Sources */,
				D429590F2B14AE4B0015092E /* Frameworks */,
				D42959102B14AE4B0015092E /* Resources */,
			);
			buildRules = (
			);
			dependencies = (
			);
			name = cocktailApp;
			packageProductDependencies = (
				D49BEDC62B1E0A5900A7FD9A /* Kingfisher */,
				D49BEDCB2B1E134B00A7FD9A /* NVActivityIndicatorView */,
				D49BEDCD2B1E134B00A7FD9A /* NVActivityIndicatorViewExtended */,
				D4B3902C2B274ACA0003EC50 /* Realm */,
				D4B3902E2B274ACA0003EC50 /* RealmSwift */,
			);
			productName = cocktailApp;
			productReference = D42959122B14AE4B0015092E /* cocktailApp.app */;
			productType = "com.apple.product-type.application";
		};
/* End PBXNativeTarget section */

/* Begin PBXProject section */
		D429590A2B14AE4B0015092E /* Project object */ = {
			isa = PBXProject;
			attributes = {
				BuildIndependentTargetsInParallel = 1;
				LastSwiftUpdateCheck = 1500;
				LastUpgradeCheck = 1500;
				TargetAttributes = {
					D42959112B14AE4B0015092E = {
						CreatedOnToolsVersion = 15.0.1;
					};
				};
			};
			buildConfigurationList = D429590D2B14AE4B0015092E /* Build configuration list for PBXProject "cocktailApp" */;
			compatibilityVersion = "Xcode 14.0";
			developmentRegion = en;
			hasScannedForEncodings = 0;
			knownRegions = (
				en,
				Base,
			);
			mainGroup = D42959092B14AE4B0015092E;
			packageReferences = (
				D49BEDC52B1E0A5900A7FD9A /* XCRemoteSwiftPackageReference "Kingfisher" */,
				D49BEDCA2B1E134B00A7FD9A /* XCRemoteSwiftPackageReference "NVActivityIndicatorView" */,
				D4B3902B2B274ACA0003EC50 /* XCRemoteSwiftPackageReference "realm-swift" */,
			);
			productRefGroup = D42959132B14AE4B0015092E /* Products */;
			projectDirPath = "";
			projectRoot = "";
			targets = (
				D42959112B14AE4B0015092E /* cocktailApp */,
			);
		};
/* End PBXProject section */

/* Begin PBXResourcesBuildPhase section */
		D42959102B14AE4B0015092E /* Resources */ = {
			isa = PBXResourcesBuildPhase;
			buildActionMask = 2147483647;
			files = (
				D429591F2B14AE4D0015092E /* Assets.xcassets in Resources */,
				D40DE19E2B2211A200387ABE /* FilterTableViewCell.xib in Resources */,
				D40DE18F2B21CA2800387ABE /* Caveat-Bold.ttf in Resources */,
				D40DE18B2B21C73600387ABE /* Caveat-Regular.ttf in Resources */,
				D4530D012B208737004135B0 /* CocktailsEmptyView.xib in Resources */,
				D429592A2B14DA6F0015092E /* Splash screen.storyboard in Resources */,
				D42B27CC2B18F3E800E65B39 /* CocktailCollectionViewCell.xib in Resources */,
				D40DE1932B22086D00387ABE /* Filter.storyboard in Resources */,
				D429591D2B14AE4B0015092E /* Main.storyboard in Resources */,
			);
			runOnlyForDeploymentPostprocessing = 0;
		};
/* End PBXResourcesBuildPhase section */

/* Begin PBXSourcesBuildPhase section */
		D429590E2B14AE4B0015092E /* Sources */ = {
			isa = PBXSourcesBuildPhase;
			buildActionMask = 2147483647;
			files = (
				D4ABD9CD2B222F07007F16E6 /* UIView+Extension.swift in Sources */,
				D42B27CB2B18F3E800E65B39 /* CocktailCollectionViewCell.swift in Sources */,
				D48B83472B1E66F600C60BE7 /* UIViewController+Extension.swift in Sources */,
				D4B2DF352B1DE3DD004D4206 /* Drink.swift in Sources */,
				D40DE19A2B220F8C00387ABE /* FilterViewController.swift in Sources */,
				D4B2DF392B1DE4E4004D4206 /* ApiManager.swift in Sources */,
				D40DE18D2B21C9F700387ABE /* UIFont+CustomFont.swift in Sources */,
				D429591A2B14AE4B0015092E /* SplashViewController.swift in Sources */,
				D42B27C82B18E4C500E65B39 /* CocktailsViewController.swift in Sources */,
				D49BEDD02B1E244800A7FD9A /* NetworkErrors.swift in Sources */,
				D40DE19D2B2211A200387ABE /* FilterTableViewCell.swift in Sources */,
				D4563E362B162D06004855B6 /* TabBarController.swift in Sources */,
				D4FC4E772B1FD0F600502EBA /* UICollectionView+Extension.swift in Sources */,
				D465D8902B1756FB0015633E /* ProfileViewController.swift in Sources */,
				D42959162B14AE4B0015092E /* AppDelegate.swift in Sources */,
				D42959182B14AE4B0015092E /* SceneDelegate.swift in Sources */,
				D4530CFF2B208505004135B0 /* CocktailsEmptyView.swift in Sources */,
				D48B3F792B231BCF0043D81F /* FilterDetailsViewController.swift in Sources */,
				D49BEDC92B1E0C4900A7FD9A /* UIImageView+Extension.swift in Sources */,
				D4B2DF312B1DD511004D4206 /* UIColor+Extension.swift in Sources */,
				D48B3F7B2B2334990043D81F /* DrinkCategory.swift in Sources */,
			);
			runOnlyForDeploymentPostprocessing = 0;
		};
/* End PBXSourcesBuildPhase section */

/* Begin PBXVariantGroup section */
		D429591B2B14AE4B0015092E /* Main.storyboard */ = {
			isa = PBXVariantGroup;
			children = (
				D429591C2B14AE4B0015092E /* Base */,
			);
			name = Main.storyboard;
			sourceTree = "<group>";
		};
/* End PBXVariantGroup section */

/* Begin XCBuildConfiguration section */
		D42959242B14AE4D0015092E /* Debug */ = {
			isa = XCBuildConfiguration;
			buildSettings = {
				ALWAYS_SEARCH_USER_PATHS = NO;
				ASSETCATALOG_COMPILER_GENERATE_SWIFT_ASSET_SYMBOL_EXTENSIONS = YES;
				CLANG_ANALYZER_NONNULL = YES;
				CLANG_ANALYZER_NUMBER_OBJECT_CONVERSION = YES_AGGRESSIVE;
				CLANG_CXX_LANGUAGE_STANDARD = "gnu++20";
				CLANG_ENABLE_MODULES = YES;
				CLANG_ENABLE_OBJC_ARC = YES;
				CLANG_ENABLE_OBJC_WEAK = YES;
				CLANG_WARN_BLOCK_CAPTURE_AUTORELEASING = YES;
				CLANG_WARN_BOOL_CONVERSION = YES;
				CLANG_WARN_COMMA = YES;
				CLANG_WARN_CONSTANT_CONVERSION = YES;
				CLANG_WARN_DEPRECATED_OBJC_IMPLEMENTATIONS = YES;
				CLANG_WARN_DIRECT_OBJC_ISA_USAGE = YES_ERROR;
				CLANG_WARN_DOCUMENTATION_COMMENTS = YES;
				CLANG_WARN_EMPTY_BODY = YES;
				CLANG_WARN_ENUM_CONVERSION = YES;
				CLANG_WARN_INFINITE_RECURSION = YES;
				CLANG_WARN_INT_CONVERSION = YES;
				CLANG_WARN_NON_LITERAL_NULL_CONVERSION = YES;
				CLANG_WARN_OBJC_IMPLICIT_RETAIN_SELF = YES;
				CLANG_WARN_OBJC_LITERAL_CONVERSION = YES;
				CLANG_WARN_OBJC_ROOT_CLASS = YES_ERROR;
				CLANG_WARN_QUOTED_INCLUDE_IN_FRAMEWORK_HEADER = YES;
				CLANG_WARN_RANGE_LOOP_ANALYSIS = YES;
				CLANG_WARN_STRICT_PROTOTYPES = YES;
				CLANG_WARN_SUSPICIOUS_MOVE = YES;
				CLANG_WARN_UNGUARDED_AVAILABILITY = YES_AGGRESSIVE;
				CLANG_WARN_UNREACHABLE_CODE = YES;
				CLANG_WARN__DUPLICATE_METHOD_MATCH = YES;
				COPY_PHASE_STRIP = NO;
				DEBUG_INFORMATION_FORMAT = dwarf;
				ENABLE_STRICT_OBJC_MSGSEND = YES;
				ENABLE_TESTABILITY = YES;
				ENABLE_USER_SCRIPT_SANDBOXING = YES;
				GCC_C_LANGUAGE_STANDARD = gnu17;
				GCC_DYNAMIC_NO_PIC = NO;
				GCC_NO_COMMON_BLOCKS = YES;
				GCC_OPTIMIZATION_LEVEL = 0;
				GCC_PREPROCESSOR_DEFINITIONS = (
					"DEBUG=1",
					"$(inherited)",
				);
				GCC_WARN_64_TO_32_BIT_CONVERSION = YES;
				GCC_WARN_ABOUT_RETURN_TYPE = YES_ERROR;
				GCC_WARN_UNDECLARED_SELECTOR = YES;
				GCC_WARN_UNINITIALIZED_AUTOS = YES_AGGRESSIVE;
				GCC_WARN_UNUSED_FUNCTION = YES;
				GCC_WARN_UNUSED_VARIABLE = YES;
				IPHONEOS_DEPLOYMENT_TARGET = 17.0;
				LOCALIZATION_PREFERS_STRING_CATALOGS = YES;
				MTL_ENABLE_DEBUG_INFO = INCLUDE_SOURCE;
				MTL_FAST_MATH = YES;
				ONLY_ACTIVE_ARCH = YES;
				SDKROOT = iphoneos;
				SWIFT_ACTIVE_COMPILATION_CONDITIONS = "DEBUG $(inherited)";
				SWIFT_OPTIMIZATION_LEVEL = "-Onone";
			};
			name = Debug;
		};
		D42959252B14AE4D0015092E /* Release */ = {
			isa = XCBuildConfiguration;
			buildSettings = {
				ALWAYS_SEARCH_USER_PATHS = NO;
				ASSETCATALOG_COMPILER_GENERATE_SWIFT_ASSET_SYMBOL_EXTENSIONS = YES;
				CLANG_ANALYZER_NONNULL = YES;
				CLANG_ANALYZER_NUMBER_OBJECT_CONVERSION = YES_AGGRESSIVE;
				CLANG_CXX_LANGUAGE_STANDARD = "gnu++20";
				CLANG_ENABLE_MODULES = YES;
				CLANG_ENABLE_OBJC_ARC = YES;
				CLANG_ENABLE_OBJC_WEAK = YES;
				CLANG_WARN_BLOCK_CAPTURE_AUTORELEASING = YES;
				CLANG_WARN_BOOL_CONVERSION = YES;
				CLANG_WARN_COMMA = YES;
				CLANG_WARN_CONSTANT_CONVERSION = YES;
				CLANG_WARN_DEPRECATED_OBJC_IMPLEMENTATIONS = YES;
				CLANG_WARN_DIRECT_OBJC_ISA_USAGE = YES_ERROR;
				CLANG_WARN_DOCUMENTATION_COMMENTS = YES;
				CLANG_WARN_EMPTY_BODY = YES;
				CLANG_WARN_ENUM_CONVERSION = YES;
				CLANG_WARN_INFINITE_RECURSION = YES;
				CLANG_WARN_INT_CONVERSION = YES;
				CLANG_WARN_NON_LITERAL_NULL_CONVERSION = YES;
				CLANG_WARN_OBJC_IMPLICIT_RETAIN_SELF = YES;
				CLANG_WARN_OBJC_LITERAL_CONVERSION = YES;
				CLANG_WARN_OBJC_ROOT_CLASS = YES_ERROR;
				CLANG_WARN_QUOTED_INCLUDE_IN_FRAMEWORK_HEADER = YES;
				CLANG_WARN_RANGE_LOOP_ANALYSIS = YES;
				CLANG_WARN_STRICT_PROTOTYPES = YES;
				CLANG_WARN_SUSPICIOUS_MOVE = YES;
				CLANG_WARN_UNGUARDED_AVAILABILITY = YES_AGGRESSIVE;
				CLANG_WARN_UNREACHABLE_CODE = YES;
				CLANG_WARN__DUPLICATE_METHOD_MATCH = YES;
				COPY_PHASE_STRIP = NO;
				DEBUG_INFORMATION_FORMAT = "dwarf-with-dsym";
				ENABLE_NS_ASSERTIONS = NO;
				ENABLE_STRICT_OBJC_MSGSEND = YES;
				ENABLE_USER_SCRIPT_SANDBOXING = YES;
				GCC_C_LANGUAGE_STANDARD = gnu17;
				GCC_NO_COMMON_BLOCKS = YES;
				GCC_WARN_64_TO_32_BIT_CONVERSION = YES;
				GCC_WARN_ABOUT_RETURN_TYPE = YES_ERROR;
				GCC_WARN_UNDECLARED_SELECTOR = YES;
				GCC_WARN_UNINITIALIZED_AUTOS = YES_AGGRESSIVE;
				GCC_WARN_UNUSED_FUNCTION = YES;
				GCC_WARN_UNUSED_VARIABLE = YES;
				IPHONEOS_DEPLOYMENT_TARGET = 17.0;
				LOCALIZATION_PREFERS_STRING_CATALOGS = YES;
				MTL_ENABLE_DEBUG_INFO = NO;
				MTL_FAST_MATH = YES;
				SDKROOT = iphoneos;
				SWIFT_COMPILATION_MODE = wholemodule;
				VALIDATE_PRODUCT = YES;
			};
			name = Release;
		};
		D42959272B14AE4D0015092E /* Debug */ = {
			isa = XCBuildConfiguration;
			buildSettings = {
				ASSETCATALOG_COMPILER_APPICON_NAME = AppIcon;
				ASSETCATALOG_COMPILER_GLOBAL_ACCENT_COLOR_NAME = AccentColor;
				CODE_SIGN_STYLE = Automatic;
				CURRENT_PROJECT_VERSION = 1;
				DEVELOPMENT_TEAM = "";
				GENERATE_INFOPLIST_FILE = YES;
				INFOPLIST_FILE = cocktailApp/Info.plist;
				INFOPLIST_KEY_UIApplicationSupportsIndirectInputEvents = YES;
				INFOPLIST_KEY_UILaunchStoryboardName = "Splash screen.storyboard";
				INFOPLIST_KEY_UIMainStoryboardFile = Main;
				INFOPLIST_KEY_UISupportedInterfaceOrientations = UIInterfaceOrientationPortrait;
				INFOPLIST_KEY_UISupportedInterfaceOrientations_iPad = "UIInterfaceOrientationLandscapeLeft UIInterfaceOrientationLandscapeRight UIInterfaceOrientationPortrait UIInterfaceOrientationPortraitUpsideDown";
				LD_RUNPATH_SEARCH_PATHS = (
					"$(inherited)",
					"@executable_path/Frameworks",
				);
				MARKETING_VERSION = 1.0;
				PRODUCT_BUNDLE_IDENTIFIER = com.djordje.cocktailApp.cocktailApp;
				PRODUCT_NAME = "$(TARGET_NAME)";
				SWIFT_EMIT_LOC_STRINGS = YES;
				SWIFT_VERSION = 5.0;
				TARGETED_DEVICE_FAMILY = "1,2";
			};
			name = Debug;
		};
		D42959282B14AE4D0015092E /* Release */ = {
			isa = XCBuildConfiguration;
			buildSettings = {
				ASSETCATALOG_COMPILER_APPICON_NAME = AppIcon;
				ASSETCATALOG_COMPILER_GLOBAL_ACCENT_COLOR_NAME = AccentColor;
				CODE_SIGN_STYLE = Automatic;
				CURRENT_PROJECT_VERSION = 1;
				DEVELOPMENT_TEAM = "";
				GENERATE_INFOPLIST_FILE = YES;
				INFOPLIST_FILE = cocktailApp/Info.plist;
				INFOPLIST_KEY_UIApplicationSupportsIndirectInputEvents = YES;
				INFOPLIST_KEY_UILaunchStoryboardName = "Splash screen.storyboard";
				INFOPLIST_KEY_UIMainStoryboardFile = Main;
				INFOPLIST_KEY_UISupportedInterfaceOrientations = UIInterfaceOrientationPortrait;
				INFOPLIST_KEY_UISupportedInterfaceOrientations_iPad = "UIInterfaceOrientationLandscapeLeft UIInterfaceOrientationLandscapeRight UIInterfaceOrientationPortrait UIInterfaceOrientationPortraitUpsideDown";
				LD_RUNPATH_SEARCH_PATHS = (
					"$(inherited)",
					"@executable_path/Frameworks",
				);
				MARKETING_VERSION = 1.0;
				PRODUCT_BUNDLE_IDENTIFIER = com.djordje.cocktailApp.cocktailApp;
				PRODUCT_NAME = "$(TARGET_NAME)";
				SWIFT_EMIT_LOC_STRINGS = YES;
				SWIFT_VERSION = 5.0;
				TARGETED_DEVICE_FAMILY = "1,2";
			};
			name = Release;
		};
/* End XCBuildConfiguration section */

/* Begin XCConfigurationList section */
		D429590D2B14AE4B0015092E /* Build configuration list for PBXProject "cocktailApp" */ = {
			isa = XCConfigurationList;
			buildConfigurations = (
				D42959242B14AE4D0015092E /* Debug */,
				D42959252B14AE4D0015092E /* Release */,
			);
			defaultConfigurationIsVisible = 0;
			defaultConfigurationName = Release;
		};
		D42959262B14AE4D0015092E /* Build configuration list for PBXNativeTarget "cocktailApp" */ = {
			isa = XCConfigurationList;
			buildConfigurations = (
				D42959272B14AE4D0015092E /* Debug */,
				D42959282B14AE4D0015092E /* Release */,
			);
			defaultConfigurationIsVisible = 0;
			defaultConfigurationName = Release;
		};
/* End XCConfigurationList section */

/* Begin XCRemoteSwiftPackageReference section */
		D49BEDC52B1E0A5900A7FD9A /* XCRemoteSwiftPackageReference "Kingfisher" */ = {
			isa = XCRemoteSwiftPackageReference;
			repositoryURL = "https://github.com/onevcat/Kingfisher.git";
			requirement = {
				kind = upToNextMajorVersion;
				minimumVersion = 7.10.0;
			};
		};
		D49BEDCA2B1E134B00A7FD9A /* XCRemoteSwiftPackageReference "NVActivityIndicatorView" */ = {
			isa = XCRemoteSwiftPackageReference;
			repositoryURL = "https://github.com/ninjaprox/NVActivityIndicatorView.git";
			requirement = {
				kind = upToNextMajorVersion;
				minimumVersion = 5.1.1;
			};
		};
		D4B3902B2B274ACA0003EC50 /* XCRemoteSwiftPackageReference "realm-swift" */ = {
			isa = XCRemoteSwiftPackageReference;
			repositoryURL = "https://github.com/realm/realm-swift.git";
			requirement = {
				branch = master;
				kind = branch;
			};
		};
/* End XCRemoteSwiftPackageReference section */

/* Begin XCSwiftPackageProductDependency section */
		D49BEDC62B1E0A5900A7FD9A /* Kingfisher */ = {
			isa = XCSwiftPackageProductDependency;
			package = D49BEDC52B1E0A5900A7FD9A /* XCRemoteSwiftPackageReference "Kingfisher" */;
			productName = Kingfisher;
		};
		D49BEDCB2B1E134B00A7FD9A /* NVActivityIndicatorView */ = {
			isa = XCSwiftPackageProductDependency;
			package = D49BEDCA2B1E134B00A7FD9A /* XCRemoteSwiftPackageReference "NVActivityIndicatorView" */;
			productName = NVActivityIndicatorView;
		};
		D49BEDCD2B1E134B00A7FD9A /* NVActivityIndicatorViewExtended */ = {
			isa = XCSwiftPackageProductDependency;
			package = D49BEDCA2B1E134B00A7FD9A /* XCRemoteSwiftPackageReference "NVActivityIndicatorView" */;
			productName = NVActivityIndicatorViewExtended;
		};
		D4B3902C2B274ACA0003EC50 /* Realm */ = {
			isa = XCSwiftPackageProductDependency;
			package = D4B3902B2B274ACA0003EC50 /* XCRemoteSwiftPackageReference "realm-swift" */;
			productName = Realm;
		};
		D4B3902E2B274ACA0003EC50 /* RealmSwift */ = {
			isa = XCSwiftPackageProductDependency;
			package = D4B3902B2B274ACA0003EC50 /* XCRemoteSwiftPackageReference "realm-swift" */;
			productName = RealmSwift;
		};
/* End XCSwiftPackageProductDependency section */
	};
	rootObject = D429590A2B14AE4B0015092E /* Project object */;
}
